PODS:
  - Alamofire (5.1.0)
  - AlamofireImage (4.1.0):
    - Alamofire (~> 5.1)
  - Charts (3.5.0):
    - Charts/Core (= 3.5.0)
  - Charts/Core (3.5.0)
  - SwiftKeychainWrapper (4.0.1)
  - SwiftLint (0.39.2)

DEPENDENCIES:
  - Alamofire
  - AlamofireImage
  - Charts
  - SwiftKeychainWrapper
  - SwiftLint

SPEC REPOS:
  trunk:
    - Alamofire
    - AlamofireImage
    - Charts
    - SwiftKeychainWrapper
    - SwiftLint

SPEC CHECKSUMS:
  Alamofire: 9d5c5f602928e512395b30950c5984eca840093c
  AlamofireImage: c4a2ba349885fb3064feb74d2e547bd42ce9be10
  Charts: 40a08591df1f8ad5c223ddedfb1a06da92f24f7c
  SwiftKeychainWrapper: 807ba1d63c33a7d0613288512399cd1eda1e470c
  SwiftLint: 22ccbbe3b8008684be5955693bab135e0ed6a447

PODFILE CHECKSUM: 8d84d819ea4296f9c9eebf864a395500ef2931da

COCOAPODS: 1.9.1
